
Microsoft Visual Studio Solution File, Format Version 12.00
Project("{FAE04EC0-301F-11D3-BF4B-00C04F79EFBC}") = "Core", "Core\Core.csproj", "{D0284CDB-12A0-4131-8358-57A4E6413A97}"
EndProject
Project("{FAE04EC0-301F-11D3-BF4B-00C04F79EFBC}") = "Application", "Application\Application.csproj", "{67E1C6C9-028A-4CBE-BA16-AC7595FD0D70}"
EndProject
Project("{FAE04EC0-301F-11D3-BF4B-00C04F79EFBC}") = "Infrastructure", "Infrastructure\Infrastructure.csproj", "{87D12D1E-155C-49FD-B169-8DF24975A284}"
EndProject
Project("{FAE04EC0-301F-11D3-BF4B-00C04F79EFBC}") = "TradeNIdentity.cs", "TradeNIdentity.cs\TradeNIdentity.cs.csproj", "{7860E328-A0C9-4EC7-94FA-6F258ADFA073}"
EndProject
Project("{FAE04EC0-301F-11D3-BF4B-00C04F79EFBC}") = "API", "API\API.csproj", "{01791527-E345-4C8A-949E-96F2806E0540}"
EndProject
Global
	GlobalSection(SolutionConfigurationPlatforms) = preSolution
		Debug|Any CPU = Debug|Any CPU
		Release|Any CPU = Release|Any CPU
	EndGlobalSection
	GlobalSection(ProjectConfigurationPlatforms) = postSolution
		{D0284CDB-12A0-4131-8358-57A4E6413A97}.Debug|Any CPU.ActiveCfg = Debug|Any CPU
		{D0284CDB-12A0-4131-8358-57A4E6413A97}.Debug|Any CPU.Build.0 = Debug|Any CPU
		{D0284CDB-12A0-4131-8358-57A4E6413A97}.Release|Any CPU.ActiveCfg = Release|Any CPU
		{D0284CDB-12A0-4131-8358-57A4E6413A97}.Release|Any CPU.Build.0 = Release|Any CPU
		{67E1C6C9-028A-4CBE-BA16-AC7595FD0D70}.Debug|Any CPU.ActiveCfg = Debug|Any CPU
		{67E1C6C9-028A-4CBE-BA16-AC7595FD0D70}.Debug|Any CPU.Build.0 = Debug|Any CPU
		{67E1C6C9-028A-4CBE-BA16-AC7595FD0D70}.Release|Any CPU.ActiveCfg = Release|Any CPU
		{67E1C6C9-028A-4CBE-BA16-AC7595FD0D70}.Release|Any CPU.Build.0 = Release|Any CPU
		{87D12D1E-155C-49FD-B169-8DF24975A284}.Debug|Any CPU.ActiveCfg = Debug|Any CPU
		{87D12D1E-155C-49FD-B169-8DF24975A284}.Debug|Any CPU.Build.0 = Debug|Any CPU
		{87D12D1E-155C-49FD-B169-8DF24975A284}.Release|Any CPU.ActiveCfg = Release|Any CPU
		{87D12D1E-155C-49FD-B169-8DF24975A284}.Release|Any CPU.Build.0 = Release|Any CPU
		{7860E328-A0C9-4EC7-94FA-6F258ADFA073}.Debug|Any CPU.ActiveCfg = Debug|Any CPU
		{7860E328-A0C9-4EC7-94FA-6F258ADFA073}.Debug|Any CPU.Build.0 = Debug|Any CPU
		{7860E328-A0C9-4EC7-94FA-6F258ADFA073}.Release|Any CPU.ActiveCfg = Release|Any CPU
		{7860E328-A0C9-4EC7-94FA-6F258ADFA073}.Release|Any CPU.Build.0 = Release|Any CPU
		{01791527-E345-4C8A-949E-96F2806E0540}.Debug|Any CPU.ActiveCfg = Debug|Any CPU
		{01791527-E345-4C8A-949E-96F2806E0540}.Debug|Any CPU.Build.0 = Debug|Any CPU
		{01791527-E345-4C8A-949E-96F2806E0540}.Release|Any CPU.ActiveCfg = Release|Any CPU
		{01791527-E345-4C8A-949E-96F2806E0540}.Release|Any CPU.Build.0 = Release|Any CPU
	EndGlobalSection
EndGlobal
